
Microsoft Visual Studio Solution File, Format Version 12.00
# Visual Studio 15
VisualStudioVersion = 15.0.26124.0
MinimumVisualStudioVersion = 15.0.26124.0
Project("{2150E333-8FDC-42A3-9474-1A3956D46DE8}") = "tests", "tests", "{1C3A120B-ED3E-4E28-85AC-151A61B0962E}"
EndProject
Project("{FAE04EC0-301F-11D3-BF4B-00C04F79EFBC}") = "Web.Api.UnitTests", "tests\Web.Api.UnitTests\Web.Api.UnitTests.csproj", "{58F11A8C-6073-4803-959E-68BED0172A3F}"
EndProject
Project("{2150E333-8FDC-42A3-9474-1A3956D46DE8}") = "src", "src", "{1AD8441E-0698-4D6E-AA73-CA45E9F248E9}"
EndProject
Project("{FAE04EC0-301F-11D3-BF4B-00C04F79EFBC}") = "Web.Api", "Web.Api\Web.Api.csproj", "{E6692F59-5495-479E-9C8A-DD1B00639306}"
EndProject
Project("{FAE04EC0-301F-11D3-BF4B-00C04F79EFBC}") = "Web.Api.Core.UnitTests", "tests\Web.Api.Core.UnitTests\Web.Api.Core.UnitTests.csproj", "{DD98FC73-7F8E-49A1-947D-1BBF0843F751}"
EndProject
Project("{FAE04EC0-301F-11D3-BF4B-00C04F79EFBC}") = "Web.Api.Core", "Web.Api.Core\Web.Api.Core.csproj", "{A816EFDF-DBB6-4CA0-8854-CCE5C5D81FB8}"
EndProject
Global
	GlobalSection(SolutionConfigurationPlatforms) = preSolution
		Debug|Any CPU = Debug|Any CPU
		Debug|x64 = Debug|x64
		Debug|x86 = Debug|x86
		Release|Any CPU = Release|Any CPU
		Release|x64 = Release|x64
		Release|x86 = Release|x86
	EndGlobalSection
	GlobalSection(SolutionProperties) = preSolution
		HideSolutionNode = FALSE
	EndGlobalSection
	GlobalSection(ProjectConfigurationPlatforms) = postSolution
		{58F11A8C-6073-4803-959E-68BED0172A3F}.Debug|Any CPU.ActiveCfg = Debug|Any CPU
		{58F11A8C-6073-4803-959E-68BED0172A3F}.Debug|Any CPU.Build.0 = Debug|Any CPU
		{58F11A8C-6073-4803-959E-68BED0172A3F}.Debug|x64.ActiveCfg = Debug|Any CPU
		{58F11A8C-6073-4803-959E-68BED0172A3F}.Debug|x64.Build.0 = Debug|Any CPU
		{58F11A8C-6073-4803-959E-68BED0172A3F}.Debug|x86.ActiveCfg = Debug|Any CPU
		{58F11A8C-6073-4803-959E-68BED0172A3F}.Debug|x86.Build.0 = Debug|Any CPU
		{58F11A8C-6073-4803-959E-68BED0172A3F}.Release|Any CPU.ActiveCfg = Release|Any CPU
		{58F11A8C-6073-4803-959E-68BED0172A3F}.Release|Any CPU.Build.0 = Release|Any CPU
		{58F11A8C-6073-4803-959E-68BED0172A3F}.Release|x64.ActiveCfg = Release|Any CPU
		{58F11A8C-6073-4803-959E-68BED0172A3F}.Release|x64.Build.0 = Release|Any CPU
		{58F11A8C-6073-4803-959E-68BED0172A3F}.Release|x86.ActiveCfg = Release|Any CPU
		{58F11A8C-6073-4803-959E-68BED0172A3F}.Release|x86.Build.0 = Release|Any CPU
		{E6692F59-5495-479E-9C8A-DD1B00639306}.Debug|Any CPU.ActiveCfg = Debug|Any CPU
		{E6692F59-5495-479E-9C8A-DD1B00639306}.Debug|Any CPU.Build.0 = Debug|Any CPU
		{E6692F59-5495-479E-9C8A-DD1B00639306}.Debug|x64.ActiveCfg = Debug|Any CPU
		{E6692F59-5495-479E-9C8A-DD1B00639306}.Debug|x64.Build.0 = Debug|Any CPU
		{E6692F59-5495-479E-9C8A-DD1B00639306}.Debug|x86.ActiveCfg = Debug|Any CPU
		{E6692F59-5495-479E-9C8A-DD1B00639306}.Debug|x86.Build.0 = Debug|Any CPU
		{E6692F59-5495-479E-9C8A-DD1B00639306}.Release|Any CPU.ActiveCfg = Release|Any CPU
		{E6692F59-5495-479E-9C8A-DD1B00639306}.Release|Any CPU.Build.0 = Release|Any CPU
		{E6692F59-5495-479E-9C8A-DD1B00639306}.Release|x64.ActiveCfg = Release|Any CPU
		{E6692F59-5495-479E-9C8A-DD1B00639306}.Release|x64.Build.0 = Release|Any CPU
		{E6692F59-5495-479E-9C8A-DD1B00639306}.Release|x86.ActiveCfg = Release|Any CPU
		{E6692F59-5495-479E-9C8A-DD1B00639306}.Release|x86.Build.0 = Release|Any CPU
		{DD98FC73-7F8E-49A1-947D-1BBF0843F751}.Debug|Any CPU.ActiveCfg = Debug|Any CPU
		{DD98FC73-7F8E-49A1-947D-1BBF0843F751}.Debug|Any CPU.Build.0 = Debug|Any CPU
		{DD98FC73-7F8E-49A1-947D-1BBF0843F751}.Debug|x64.ActiveCfg = Debug|Any CPU
		{DD98FC73-7F8E-49A1-947D-1BBF0843F751}.Debug|x64.Build.0 = Debug|Any CPU
		{DD98FC73-7F8E-49A1-947D-1BBF0843F751}.Debug|x86.ActiveCfg = Debug|Any CPU
		{DD98FC73-7F8E-49A1-947D-1BBF0843F751}.Debug|x86.Build.0 = Debug|Any CPU
		{DD98FC73-7F8E-49A1-947D-1BBF0843F751}.Release|Any CPU.ActiveCfg = Release|Any CPU
		{DD98FC73-7F8E-49A1-947D-1BBF0843F751}.Release|Any CPU.Build.0 = Release|Any CPU
		{DD98FC73-7F8E-49A1-947D-1BBF0843F751}.Release|x64.ActiveCfg = Release|Any CPU
		{DD98FC73-7F8E-49A1-947D-1BBF0843F751}.Release|x64.Build.0 = Release|Any CPU
		{DD98FC73-7F8E-49A1-947D-1BBF0843F751}.Release|x86.ActiveCfg = Release|Any CPU
		{DD98FC73-7F8E-49A1-947D-1BBF0843F751}.Release|x86.Build.0 = Release|Any CPU
		{A816EFDF-DBB6-4CA0-8854-CCE5C5D81FB8}.Debug|Any CPU.ActiveCfg = Debug|Any CPU
		{A816EFDF-DBB6-4CA0-8854-CCE5C5D81FB8}.Debug|Any CPU.Build.0 = Debug|Any CPU
		{A816EFDF-DBB6-4CA0-8854-CCE5C5D81FB8}.Debug|x64.ActiveCfg = Debug|Any CPU
		{A816EFDF-DBB6-4CA0-8854-CCE5C5D81FB8}.Debug|x64.Build.0 = Debug|Any CPU
		{A816EFDF-DBB6-4CA0-8854-CCE5C5D81FB8}.Debug|x86.ActiveCfg = Debug|Any CPU
		{A816EFDF-DBB6-4CA0-8854-CCE5C5D81FB8}.Debug|x86.Build.0 = Debug|Any CPU
		{A816EFDF-DBB6-4CA0-8854-CCE5C5D81FB8}.Release|Any CPU.ActiveCfg = Release|Any CPU
		{A816EFDF-DBB6-4CA0-8854-CCE5C5D81FB8}.Release|Any CPU.Build.0 = Release|Any CPU
		{A816EFDF-DBB6-4CA0-8854-CCE5C5D81FB8}.Release|x64.ActiveCfg = Release|Any CPU
		{A816EFDF-DBB6-4CA0-8854-CCE5C5D81FB8}.Release|x64.Build.0 = Release|Any CPU
		{A816EFDF-DBB6-4CA0-8854-CCE5C5D81FB8}.Release|x86.ActiveCfg = Release|Any CPU
		{A816EFDF-DBB6-4CA0-8854-CCE5C5D81FB8}.Release|x86.Build.0 = Release|Any CPU
	EndGlobalSection
	GlobalSection(NestedProjects) = preSolution
		{58F11A8C-6073-4803-959E-68BED0172A3F} = {1C3A120B-ED3E-4E28-85AC-151A61B0962E}
		{E6692F59-5495-479E-9C8A-DD1B00639306} = {1AD8441E-0698-4D6E-AA73-CA45E9F248E9}
		{DD98FC73-7F8E-49A1-947D-1BBF0843F751} = {1C3A120B-ED3E-4E28-85AC-151A61B0962E}
		{A816EFDF-DBB6-4CA0-8854-CCE5C5D81FB8} = {1AD8441E-0698-4D6E-AA73-CA45E9F248E9}
	EndGlobalSection
EndGlobal
